
Microsoft Visual Studio Solution File, Format Version 12.00
Project("{FAE04EC0-301F-11D3-BF4B-00C04F79EFBC}") = "IrcBouncer", "IrcBouncer\IrcBouncer.csproj", "{3E60A366-E849-40CC-AEF7-C24B88425337}"
EndProject
Project("{FAE04EC0-301F-11D3-BF4B-00C04F79EFBC}") = "IrcBouncer.Tests", "IrcBouncer.Tests\IrcBouncer.Tests.csproj", "{3178C628-586A-4F00-80F5-2D65219AAA1D}"
EndProject
Global
	GlobalSection(SolutionConfigurationPlatforms) = preSolution
		Debug|Any CPU = Debug|Any CPU
		Debug|x64 = Debug|x64
		Debug|x86 = Debug|x86
		Release|Any CPU = Release|Any CPU
		Release|x64 = Release|x64
		Release|x86 = Release|x86
	EndGlobalSection
	GlobalSection(ProjectConfigurationPlatforms) = postSolution
		{3E60A366-E849-40CC-AEF7-C24B88425337}.Debug|Any CPU.ActiveCfg = Debug|Any CPU
		{3E60A366-E849-40CC-AEF7-C24B88425337}.Debug|Any CPU.Build.0 = Debug|Any CPU
		{3E60A366-E849-40CC-AEF7-C24B88425337}.Debug|x64.ActiveCfg = Debug|Any CPU
		{3E60A366-E849-40CC-AEF7-C24B88425337}.Debug|x64.Build.0 = Debug|Any CPU
		{3E60A366-E849-40CC-AEF7-C24B88425337}.Debug|x86.ActiveCfg = Debug|Any CPU
		{3E60A366-E849-40CC-AEF7-C24B88425337}.Debug|x86.Build.0 = Debug|Any CPU
		{3E60A366-E849-40CC-AEF7-C24B88425337}.Release|Any CPU.ActiveCfg = Release|Any CPU
		{3E60A366-E849-40CC-AEF7-C24B88425337}.Release|Any CPU.Build.0 = Release|Any CPU
		{3E60A366-E849-40CC-AEF7-C24B88425337}.Release|x64.ActiveCfg = Release|Any CPU
		{3E60A366-E849-40CC-AEF7-C24B88425337}.Release|x64.Build.0 = Release|Any CPU
		{3E60A366-E849-40CC-AEF7-C24B88425337}.Release|x86.ActiveCfg = Release|Any CPU
		{3E60A366-E849-40CC-AEF7-C24B88425337}.Release|x86.Build.0 = Release|Any CPU
		{3178C628-586A-4F00-80F5-2D65219AAA1D}.Debug|Any CPU.ActiveCfg = Debug|Any CPU
		{3178C628-586A-4F00-80F5-2D65219AAA1D}.Debug|Any CPU.Build.0 = Debug|Any CPU
		{3178C628-586A-4F00-80F5-2D65219AAA1D}.Debug|x64.ActiveCfg = Debug|Any CPU
		{3178C628-586A-4F00-80F5-2D65219AAA1D}.Debug|x64.Build.0 = Debug|Any CPU
		{3178C628-586A-4F00-80F5-2D65219AAA1D}.Debug|x86.ActiveCfg = Debug|Any CPU
		{3178C628-586A-4F00-80F5-2D65219AAA1D}.Debug|x86.Build.0 = Debug|Any CPU
		{3178C628-586A-4F00-80F5-2D65219AAA1D}.Release|Any CPU.ActiveCfg = Release|Any CPU
		{3178C628-586A-4F00-80F5-2D65219AAA1D}.Release|Any CPU.Build.0 = Release|Any CPU
		{3178C628-586A-4F00-80F5-2D65219AAA1D}.Release|x64.ActiveCfg = Release|Any CPU
		{3178C628-586A-4F00-80F5-2D65219AAA1D}.Release|x64.Build.0 = Release|Any CPU
		{3178C628-586A-4F00-80F5-2D65219AAA1D}.Release|x86.ActiveCfg = Release|Any CPU
		{3178C628-586A-4F00-80F5-2D65219AAA1D}.Release|x86.Build.0 = Release|Any CPU
	EndGlobalSection
	GlobalSection(SolutionProperties) = preSolution
		HideSolutionNode = FALSE
	EndGlobalSection
EndGlobal
